
Microsoft Visual Studio Solution File, Format Version 12.00
# Visual Studio Version 17
VisualStudioVersion = 17.13.35828.75 d17.13
MinimumVisualStudioVersion = 10.0.40219.1
Project("{54A90642-561A-4BB1-A94E-469ADEE60C69}") = "notesapp.client", "notesapp.client\notesapp.client.esproj", "{ACF08AF2-373F-7D25-6196-71D14A4377CD}"
EndProject
Project("{FAE04EC0-301F-11D3-BF4B-00C04F79EFBC}") = "NotesApp.Server", "NotesApp.Server\NotesApp.Server.csproj", "{02541963-8053-4C73-AC5D-E1656BA970D0}"
EndProject
Global
	GlobalSection(SolutionConfigurationPlatforms) = preSolution
		Debug|Any CPU = Debug|Any CPU
		Release|Any CPU = Release|Any CPU
	EndGlobalSection
	GlobalSection(ProjectConfigurationPlatforms) = postSolution
		{ACF08AF2-373F-7D25-6196-71D14A4377CD}.Debug|Any CPU.ActiveCfg = Debug|Any CPU
		{ACF08AF2-373F-7D25-6196-71D14A4377CD}.Debug|Any CPU.Build.0 = Debug|Any CPU
		{ACF08AF2-373F-7D25-6196-71D14A4377CD}.Debug|Any CPU.Deploy.0 = Debug|Any CPU
		{ACF08AF2-373F-7D25-6196-71D14A4377CD}.Release|Any CPU.ActiveCfg = Release|Any CPU
		{ACF08AF2-373F-7D25-6196-71D14A4377CD}.Release|Any CPU.Build.0 = Release|Any CPU
		{ACF08AF2-373F-7D25-6196-71D14A4377CD}.Release|Any CPU.Deploy.0 = Release|Any CPU
		{02541963-8053-4C73-AC5D-E1656BA970D0}.Debug|Any CPU.ActiveCfg = Debug|Any CPU
		{02541963-8053-4C73-AC5D-E1656BA970D0}.Debug|Any CPU.Build.0 = Debug|Any CPU
		{02541963-8053-4C73-AC5D-E1656BA970D0}.Release|Any CPU.ActiveCfg = Release|Any CPU
		{02541963-8053-4C73-AC5D-E1656BA970D0}.Release|Any CPU.Build.0 = Release|Any CPU
	EndGlobalSection
	GlobalSection(SolutionProperties) = preSolution
		HideSolutionNode = FALSE
	EndGlobalSection
	GlobalSection(ExtensibilityGlobals) = postSolution
		SolutionGuid = {6CCEF13F-BFD0-48FF-B87C-9CECEB40CD5A}
	EndGlobalSection
EndGlobal
